# This file is autogenerated, do not edit; changes may be undone by the next 'dep ensure'.


[[projects]]
  name = "cloud.google.com/go"
  packages = ["compute/metadata"]
  revision = "0f0b8420cb699ac4ce059c63bac263f4301fe95b"
  version = "v0.12.0"

[[projects]]
  branch = "master"
  name = "github.com/alcortesm/tgz"
  packages = ["."]
  revision = "9c5fe88206d7765837fed3732a42ef88fc51f1a1"

[[projects]]
  name = "github.com/davecgh/go-spew"
  packages = ["spew"]
  revision = "346938d642f2ec3594ed81d874461961cd0faa76"
  version = "v1.1.0"

[[projects]]
  name = "github.com/gizak/termui"
  packages = [".","debug"]
  revision = "24acd523c756fd9728824cdfac66aad9d8982fb7"
  version = "v2.2.0"

[[projects]]
  branch = "master"
  name = "github.com/golang/protobuf"
  packages = ["proto"]
  revision = "17ce1425424ab154092bbb43af630bd647f3bb0d"

[[projects]]
  branch = "master"
  name = "github.com/jbenet/go-context"
  packages = ["io"]
  revision = "d14ea06fba99483203c19d92cfcd13ebe73135f4"

[[projects]]
  name = "github.com/jessevdk/go-flags"
  packages = ["."]
  revision = "96dc06278ce32a0e9d957d590bb987c81ee66407"
  version = "v1.3.0"

[[projects]]
  branch = "master"
  name = "github.com/kr/pretty"
  packages = ["."]
  revision = "cfb55aafdaf3ec08f0db22699ab822c50091b1c4"

[[projects]]
  branch = "master"
  name = "github.com/kr/text"
  packages = ["."]
  revision = "7cafcd837844e784b526369c9bce262804aebc60"

[[projects]]
  name = "github.com/maruel/panicparse"
  packages = ["internal","stack"]
  revision = "c139306d9b850f842c12be39998d2fcecfdf2e34"
  version = "v1.0.0"

[[projects]]
  name = "github.com/maruel/ut"
  packages = ["."]
  revision = "a9c9f15ccfa6f8b90182a53df32f4745586fbae3"
  version = "v1.0.0"

[[projects]]
  name = "github.com/mattn/go-colorable"
  packages = ["."]
  revision = "167de6bfdfba052fa6b2d3664c8f5272e23c9072"
  version = "v0.0.9"

[[projects]]
  name = "github.com/mattn/go-isatty"
  packages = ["."]
  revision = "fc9e8d8ef48496124e79ae0df75490096eccf6fe"
  version = "v0.0.2"

[[projects]]
  name = "github.com/mattn/go-runewidth"
  packages = ["."]
  revision = "9e777a8366cce605130a531d2cd6363d07ad7317"
  version = "v0.0.2"

[[projects]]
  branch = "master"
  name = "github.com/mgutz/ansi"
  packages = ["."]
  revision = "9520e82c474b0a04dd04f8a40959027271bab992"

[[projects]]
  branch = "master"
  name = "github.com/mitchellh/go-homedir"
  packages = ["."]
  revision = "b8bc1bf767474819792c23f32d8286a45736f1c6"

[[projects]]
  branch = "master"
  name = "github.com/mitchellh/go-wordwrap"
  packages = ["."]
  revision = "ad45545899c7b13c020ea92b2072220eefad42b8"

[[projects]]
  branch = "master"
  name = "github.com/nsf/termbox-go"
  packages = ["."]
  revision = "4ed959e0540971545eddb8c75514973d670cf739"

[[projects]]
  name = "github.com/pkg/errors"
  packages = ["."]
  revision = "645ef00459ed84a119197bfb8d8205042c6df63d"
  version = "v0.8.0"

[[projects]]
  name = "github.com/pmezard/go-difflib"
  packages = ["difflib"]
  revision = "792786c7400a136282c1664665ae0a8db921c6c2"
  version = "v1.0.0"

[[projects]]
  branch = "master"
  name = "github.com/sergi/go-diff"
  packages = ["diffmatchpatch"]
  revision = "feef008d51ad2b3778f85d387ccf91735543008d"

[[projects]]
  name = "github.com/src-d/gcfg"
  packages = [".","scanner","token","types"]
  revision = "f187355171c936ac84a82793659ebb4936bc1c23"
  version = "v1.3.0"

[[projects]]
  name = "github.com/src-d/go-git-fixtures"
  packages = ["."]
  revision = "4dbf720e9632a7d7ce2f15d58a7cdebc86b34ee8"
  version = "v2.0.0"

[[projects]]
  name = "github.com/stretchr/testify"
  packages = ["assert"]
  revision = "69483b4bd14f5845b5a1e55bca19e954e827f1d0"
  version = "v1.1.4"

[[projects]]
  branch = "master"
  name = "github.com/xanzy/ssh-agent"
  packages = ["."]
  revision = "ba9c9e33906f58169366275e3450db66139a31a9"

[[projects]]
  branch = "master"
  name = "go4.org"
  packages = ["syncutil/singleflight"]
  revision = "034d17a462f7b2dcd1a4a73553ec5357ff6e6c6e"

[[projects]]
  branch = "master"
  name = "golang.org/x/crypto"
  packages = ["acme","acme/autocert","blowfish","cast5","chacha20poly1305/internal/chacha20","cryptobyte","curve25519","ed25519","ed25519/internal/edwards25519","hkdf","md4","nacl/auth","nacl/box","nacl/secretbox","openpgp","openpgp/armor","openpgp/elgamal","openpgp/errors","openpgp/packet","openpgp/s2k","pbkdf2","pkcs12/internal/rc2","poly1305","ripemd160","salsa20/salsa","ssh","ssh/agent","ssh/knownhosts","ssh/terminal","ssh/testdata"]
  revision = "81e90905daefcd6fd217b62423c0908922eadb30"

[[projects]]
  branch = "master"
  name = "golang.org/x/net"
  packages = ["bpf","context","context/ctxhttp","dns/dnsmessage","html","html/atom","http2","http2/hpack","icmp","idna","internal/iana","internal/nettest","internal/socket","internal/timeseries","ipv4","ipv6","lex/httplex","webdav","webdav/internal/xml","websocket"]
  revision = "66aacef3dd8a676686c7ae3716979581e8b03c47"

[[projects]]
  branch = "master"
  name = "golang.org/x/oauth2"
  packages = [".","google","internal","jws","jwt"]
  revision = "d89af98d7c6bba047c5a2622f36bc14b8766df85"

[[projects]]
  branch = "master"
  name = "golang.org/x/sys"
  packages = ["unix","windows"]
  revision = "7ddbeae9ae08c6a06a59597f0c9edbc5ff2444ce"

[[projects]]
  branch = "master"
  name = "golang.org/x/text"
  packages = ["encoding","encoding/charmap","encoding/htmlindex","encoding/internal","encoding/internal/identifier","encoding/japanese","encoding/korean","encoding/simplifiedchinese","encoding/traditionalchinese","encoding/unicode","internal/gen","internal/tag","internal/triegen","internal/ucd","internal/utf8internal","language","runes","secure/bidirule","transform","unicode/bidi","unicode/cldr","unicode/norm","unicode/rangetable"]
  revision = "bd91bbf73e9a4a801adbfb97133c992678533126"

[[projects]]
  branch = "master"
  name = "google.golang.org/api"
  packages = ["compute/v1","gensupport","googleapi","googleapi/internal/uritemplates"]
  revision = "389ac18434a93e8455f6f546845de20c5858f22f"

[[projects]]
  name = "google.golang.org/appengine"
  packages = [".","internal","internal/app_identity","internal/base","internal/datastore","internal/log","internal/modules","internal/remote_api","internal/urlfetch","urlfetch"]
  revision = "150dc57a1b433e64154302bdc40b6bb8aefa313a"
  version = "v1.0.0"

[[projects]]
  branch = "v1"
  name = "gopkg.in/check.v1"
  packages = ["."]
  revision = "20d25e2804050c1cd24a7eea1e7a6447dd0e74ec"

[[projects]]
  name = "gopkg.in/src-d/go-billy.v3"
  packages = [".","helper/chroot","helper/polyfill","memfs","osfs","test","util"]
  revision = "c329b7bc7b9d24905d2bc1b85bfa29f7ae266314"
  version = "v3.1.0"

[[projects]]
  name = "gopkg.in/src-d/go-git.v4"
  packages = [".","config","internal/revision","plumbing","plumbing/cache","plumbing/filemode","plumbing/format/config","plumbing/format/diff","plumbing/format/gitignore","plumbing/format/idxfile","plumbing/format/index","plumbing/format/objfile","plumbing/format/packfile","plumbing/format/pktline","plumbing/object","plumbing/protocol/packp","plumbing/protocol/packp/capability","plumbing/protocol/packp/sideband","plumbing/revlist","plumbing/storer","plumbing/transport","plumbing/transport/client","plumbing/transport/file","plumbing/transport/git","plumbing/transport/http","plumbing/transport/internal/common","plumbing/transport/server","plumbing/transport/ssh","plumbing/transport/test","storage","storage/filesystem","storage/filesystem/internal/dotgit","storage/memory","storage/test","utils/binary","utils/diff","utils/ioutil","utils/merkletrie","utils/merkletrie/filesystem","utils/merkletrie/index","utils/merkletrie/internal/frame","utils/merkletrie/internal/fsnoder","utils/merkletrie/noder"]
  revision = "f9879dd043f84936a1f8acb8a53b74332a7ae135"
  version = "v4.0.0-rc15"

[[projects]]
  name = "gopkg.in/warnings.v0"
  packages = ["."]
  revision = "8a331561fe74dadba6edfc59f3be66c22c3b065d"
  version = "v0.1.1"

[solve-meta]
  analyzer-name = "dep"
  analyzer-version = 1
  inputs-digest = "b9c086ee6a6e701eabb14f131c9b6f48fee6a0e30a2e2a34acb8fde410aa8cba"
  solver-name = "gps-cdcl"
  solver-version = 1
